{
  "nodes": {
    "ali-neovim": {
      "inputs": {
        "flake-parts": "flake-parts",
        "nixpkgs": [
          "nixpkgs_unstable"
        ],
        "nixpkgs-master": [
          "nixpkgs_master"
        ],
        "nixpkgs-stable": [
          "nixpkgs_stable"
        ],
        "nixvim": "nixvim",
        "treefmt-nix": "treefmt-nix"
      },
      "locked": {
        "lastModified": 1775169761,
        "narHash": "sha256-sxQBXmTuO5+AXMEjVRbvg2MKdMG1BEe4yQE98S+xZ1M=",
        "owner": "alisonjenkins",
        "repo": "neovim-nix-flake",
        "rev": "d97f33aa4c252d4c75f9554f4b0540e96a1f67b7",